
Microsoft Visual Studio Solution File, Format Version 12.00
# Visual Studio 15
VisualStudioVersion = 15.0.28010.2016
MinimumVisualStudioVersion = 10.0.40219.1
Project("{FAE04EC0-301F-11D3-BF4B-00C04F79EFBC}") = "Cap7", "Cap7\Cap7.csproj", "{5F1F693E-EDDC-4061-8F58-A99B1388D012}"
EndProject
Global
	GlobalSection(SolutionConfigurationPlatforms) = preSolution
		Debug|Any CPU = Debug|Any CPU
		Release|Any CPU = Release|Any CPU
	EndGlobalSection
	GlobalSection(ProjectConfigurationPlatforms) = postSolution
		{5F1F693E-EDDC-4061-8F58-A99B1388D012}.Debug|Any CPU.ActiveCfg = Debug|Any CPU
		{5F1F693E-EDDC-4061-8F58-A99B1388D012}.Debug|Any CPU.Build.0 = Debug|Any CPU
		{5F1F693E-EDDC-4061-8F58-A99B1388D012}.Release|Any CPU.ActiveCfg = Release|Any CPU
		{5F1F693E-EDDC-4061-8F58-A99B1388D012}.Release|Any CPU.Build.0 = Release|Any CPU
	EndGlobalSection
	GlobalSection(SolutionProperties) = preSolution
		HideSolutionNode = FALSE
	EndGlobalSection
	GlobalSection(ExtensibilityGlobals) = postSolution
		SolutionGuid = {700AD896-0009-4B87-B3B5-E57079B12ADC}
	EndGlobalSection
EndGlobal
